// !$*UTF8*$!
{
	archiveVersion = 1;
	classes = {
	};
	objectVersion = 50;
	objects = {

/* Begin PBXBuildFile section */
		C965C2AB2184F34C0077FEA3 /* AppDelegate.swift in Sources */ = {isa = PBXBuildFile; fileRef = C965C2AA2184F34C0077FEA3 /* AppDelegate.swift */; };
		C965C2AD2184F34C0077FEA3 /* TodoListViewController.swift in Sources */ = {isa = PBXBuildFile; fileRef = C965C2AC2184F34C0077FEA3 /* TodoListViewController.swift */; };
		C965C2B02184F34C0077FEA3 /* Main.storyboard in Resources */ = {isa = PBXBuildFile; fileRef = C965C2AE2184F34C0077FEA3 /* Main.storyboard */; };
		C965C2B22184F34D0077FEA3 /* Assets.xcassets in Resources */ = {isa = PBXBuildFile; fileRef = C965C2B12184F34D0077FEA3 /* Assets.xcassets */; };
		C965C2B52184F34D0077FEA3 /* LaunchScreen.storyboard in Resources */ = {isa = PBXBuildFile; fileRef = C965C2B32184F34D0077FEA3 /* LaunchScreen.storyboard */; };
		C97E30502190EB17003F7785 /* CategoryViewController.swift in Sources */ = {isa = PBXBuildFile; fileRef = C97E304F2190EB17003F7785 /* CategoryViewController.swift */; };
		C97E305221941E20003F7785 /* Item.swift in Sources */ = {isa = PBXBuildFile; fileRef = C97E305121941E20003F7785 /* Item.swift */; };
		C97E305421941E3A003F7785 /* Category.swift in Sources */ = {isa = PBXBuildFile; fileRef = C97E305321941E39003F7785 /* Category.swift */; };
		F524F3BB493D5E2B9A1607DB /* Pods_bother.framework in Frameworks */ = {isa = PBXBuildFile; fileRef = 285E77F0BE32C7848F437283 /* Pods_bother.framework */; };
/* End PBXBuildFile section */

/* Begin PBXFileReference section */
		285E77F0BE32C7848F437283 /* Pods_bother.framework */ = {isa = PBXFileReference; explicitFileType = wrapper.framework; includeInIndex = 0; path = Pods_bother.framework; sourceTree = BUILT_PRODUCTS_DIR; };
		93017F08497E5F298BBB81A2 /* Pods-bother.debug.xcconfig */ = {isa = PBXFileReference; includeInIndex = 1; lastKnownFileType = text.xcconfig; name = "Pods-bother.debug.xcconfig"; path = "Pods/Target Support Files/Pods-bother/Pods-bother.debug.xcconfig"; sourceTree = "<group>"; };
		9C81C37AF8C192E60043722D /* Pods-bother.release.xcconfig */ = {isa = PBXFileReference; includeInIndex = 1; lastKnownFileType = text.xcconfig; name = "Pods-bother.release.xcconfig"; path = "Pods/Target Support Files/Pods-bother/Pods-bother.release.xcconfig"; sourceTree = "<group>"; };
		C965C2A72184F34C0077FEA3 /* bother.app */ = {isa = PBXFileReference; explicitFileType = wrapper.application; includeInIndex = 0; path = bother.app; sourceTree = BUILT_PRODUCTS_DIR; };
		C965C2AA2184F34C0077FEA3 /* AppDelegate.swift */ = {isa = PBXFileReference; lastKnownFileType = sourcecode.swift; path = AppDelegate.swift; sourceTree = "<group>"; };
		C965C2AC2184F34C0077FEA3 /* TodoListViewController.swift */ = {isa = PBXFileReference; lastKnownFileType = sourcecode.swift; path = TodoListViewController.swift; sourceTree = "<group>"; };
		C965C2AF2184F34C0077FEA3 /* Base */ = {isa = PBXFileReference; lastKnownFileType = file.storyboard; name = Base; path = Base.lproj/Main.storyboard; sourceTree = "<group>"; };
		C965C2B12184F34D0077FEA3 /* Assets.xcassets */ = {isa = PBXFileReference; lastKnownFileType = folder.assetcatalog; path = Assets.xcassets; sourceTree = "<group>"; };
		C965C2B42184F34D0077FEA3 /* Base */ = {isa = PBXFileReference; lastKnownFileType = file.storyboard; name = Base; path = Base.lproj/LaunchScreen.storyboard; sourceTree = "<group>"; };
		C965C2B62184F34D0077FEA3 /* Info.plist */ = {isa = PBXFileReference; lastKnownFileType = text.plist.xml; path = Info.plist; sourceTree = "<group>"; };
		C97E304F2190EB17003F7785 /* CategoryViewController.swift */ = {isa = PBXFileReference; lastKnownFileType = sourcecode.swift; path = CategoryViewController.swift; sourceTree = "<group>"; };
		C97E305121941E20003F7785 /* Item.swift */ = {isa = PBXFileReference; lastKnownFileType = sourcecode.swift; path = Item.swift; sourceTree = "<group>"; };
		C97E305321941E39003F7785 /* Category.swift */ = {isa = PBXFileReference; lastKnownFileType = sourcecode.swift; path = Category.swift; sourceTree = "<group>"; };
/* End PBXFileReference section */

/* Begin PBXFrameworksBuildPhase section */
		C965C2A42184F34C0077FEA3 /* Frameworks */ = {
			isa = PBXFrameworksBuildPhase;
			buildActionMask = 2147483647;
			files = (
				F524F3BB493D5E2B9A1607DB /* Pods_bother.framework in Frameworks */,
			);
			runOnlyForDeploymentPostprocessing = 0;
		};
/* End PBXFrameworksBuildPhase section */

/* Begin PBXGroup section */
		82A74BCA49EA6D246EFA3122 /* Pods */ = {
			isa = PBXGroup;
			children = (
				93017F08497E5F298BBB81A2 /* Pods-bother.debug.xcconfig */,
				9C81C37AF8C192E60043722D /* Pods-bother.release.xcconfig */,
			);
			name = Pods;
			sourceTree = "<group>";
		};
		865340582E6057451282F1F9 /* Frameworks */ = {
			isa = PBXGroup;
			children = (
				285E77F0BE32C7848F437283 /* Pods_bother.framework */,
			);
			name = Frameworks;
			sourceTree = "<group>";
		};
		C965C29E2184F34C0077FEA3 = {
			isa = PBXGroup;
			children = (
				C965C2A92184F34C0077FEA3 /* bother */,
				C965C2A82184F34C0077FEA3 /* Products */,
				82A74BCA49EA6D246EFA3122 /* Pods */,
				865340582E6057451282F1F9 /* Frameworks */,
			);
			sourceTree = "<group>";
		};
		C965C2A82184F34C0077FEA3 /* Products */ = {
			isa = PBXGroup;
			children = (
				C965C2A72184F34C0077FEA3 /* bother.app */,
			);
			name = Products;
			sourceTree = "<group>";
		};
		C965C2A92184F34C0077FEA3 /* bother */ = {
			isa = PBXGroup;
			children = (
				C965C2AA2184F34C0077FEA3 /* AppDelegate.swift */,
				C965C2DE218AD5470077FEA3 /* Controller */,
				C965C2DD218AD5160077FEA3 /* View */,
				C965C2DF218AD5730077FEA3 /* Supporting Files */,
				C965C2DC218AD4DE0077FEA3 /* Data Model */,
				C965C2B62184F34D0077FEA3 /* Info.plist */,
			);
			path = bother;
			sourceTree = "<group>";
		};
		C965C2DC218AD4DE0077FEA3 /* Data Model */ = {
			isa = PBXGroup;
			children = (
				C97E305321941E39003F7785 /* Category.swift */,
				C97E305121941E20003F7785 /* Item.swift */,
			);
			path = "Data Model";
			sourceTree = "<group>";
		};
		C965C2DD218AD5160077FEA3 /* View */ = {
			isa = PBXGroup;
			children = (
				C965C2AE2184F34C0077FEA3 /* Main.storyboard */,
			);
			path = View;
			sourceTree = "<group>";
		};
		C965C2DE218AD5470077FEA3 /* Controller */ = {
			isa = PBXGroup;
			children = (
				C97E304F2190EB17003F7785 /* CategoryViewController.swift */,
				C965C2AC2184F34C0077FEA3 /* TodoListViewController.swift */,
			);
			path = Controller;
			sourceTree = "<group>";
		};
		C965C2DF218AD5730077FEA3 /* Supporting Files */ = {
			isa = PBXGroup;
			children = (
				C965C2B32184F34D0077FEA3 /* LaunchScreen.storyboard */,
				C965C2B12184F34D0077FEA3 /* Assets.xcassets */,
			);
			path = "Supporting Files";
			sourceTree = "<group>";
		};
/* End PBXGroup section */

/* Begin PBXNativeTarget section */
		C965C2A62184F34C0077FEA3 /* bother */ = {
			isa = PBXNativeTarget;
			buildConfigurationList = C965C2B92184F34D0077FEA3 /* Build configuration list for PBXNativeTarget "bother" */;
			buildPhases = (
				A14AF84CDCACE266113E01B3 /* [CP] Check Pods Manifest.lock */,
				C965C2A32184F34C0077FEA3 /* Sources */,
				C965C2A42184F34C0077FEA3 /* Frameworks */,
				C965C2A52184F34C0077FEA3 /* Resources */,
				A76D1A514CD651F6024A28C1 /* [CP] Embed Pods Frameworks */,
			);
			buildRules = (
			);
			dependencies = (
			);
			name = bother;
			productName = bother;
			productReference = C965C2A72184F34C0077FEA3 /* bother.app */;
			productType = "com.apple.product-type.application";
		};
/* End PBXNativeTarget section */

/* Begin PBXProject section */
		C965C29F2184F34C0077FEA3 /* Project object */ = {
			isa = PBXProject;
			attributes = {
				LastSwiftUpdateCheck = 1000;
				LastUpgradeCheck = 1000;
				ORGANIZATIONNAME = mindelicious;
				TargetAttributes = {
					C965C2A62184F34C0077FEA3 = {
						CreatedOnToolsVersion = 10.0;
					};
				};
			};
			buildConfigurationList = C965C2A22184F34C0077FEA3 /* Build configuration list for PBXProject "bother" */;
			compatibilityVersion = "Xcode 9.3";
			developmentRegion = en;
			hasScannedForEncodings = 0;
			knownRegions = (
				en,
				Base,
			);
			mainGroup = C965C29E2184F34C0077FEA3;
			productRefGroup = C965C2A82184F34C0077FEA3 /* Products */;
			projectDirPath = "";
			projectRoot = "";
			targets = (
				C965C2A62184F34C0077FEA3 /* bother */,
			);
		};
/* End PBXProject section */

/* Begin PBXResourcesBuildPhase section */
		C965C2A52184F34C0077FEA3 /* Resources */ = {
			isa = PBXResourcesBuildPhase;
			buildActionMask = 2147483647;
			files = (
				C965C2B52184F34D0077FEA3 /* LaunchScreen.storyboard in Resources */,
				C965C2B22184F34D0077FEA3 /* Assets.xcassets in Resources */,
				C965C2B02184F34C0077FEA3 /* Main.storyboard in Resources */,
			);
			runOnlyForDeploymentPostprocessing = 0;
		};
/* End PBXResourcesBuildPhase section */

/* Begin PBXShellScriptBuildPhase section */
		A14AF84CDCACE266113E01B3 /* [CP] Check Pods Manifest.lock */ = {
			isa = PBXShellScriptBuildPhase;
			buildActionMask = 2147483647;
			files = (
			);
			inputPaths = (
				"${PODS_PODFILE_DIR_PATH}/Podfile.lock",
				"${PODS_ROOT}/Manifest.lock",
			);
			name = "[CP] Check Pods Manifest.lock";
			outputPaths = (
				"$(DERIVED_FILE_DIR)/Pods-bother-checkManifestLockResult.txt",
			);
			runOnlyForDeploymentPostprocessing = 0;
			shellPath = /bin/sh;
			shellScript = "diff \"${PODS_PODFILE_DIR_PATH}/Podfile.lock\" \"${PODS_ROOT}/Manifest.lock\" > /dev/null\nif [ $? != 0 ] ; then\n    # print error to STDERR\n    echo \"error: The sandbox is not in sync with the Podfile.lock. Run 'pod install' or update your CocoaPods installation.\" >&2\n    exit 1\nfi\n# This output is used by Xcode 'outputs' to avoid re-running this script phase.\necho \"SUCCESS\" > \"${SCRIPT_OUTPUT_FILE_0}\"\n";
			showEnvVarsInLog = 0;
		};
		A76D1A514CD651F6024A28C1 /* [CP] Embed Pods Frameworks */ = {
			isa = PBXShellScriptBuildPhase;
			buildActionMask = 2147483647;
			files = (
			);
			inputPaths = (
				"${SRCROOT}/Pods/Target Support Files/Pods-bother/Pods-bother-frameworks.sh",
				"${BUILT_PRODUCTS_DIR}/Realm/Realm.framework",
				"${BUILT_PRODUCTS_DIR}/RealmSwift/RealmSwift.framework",
			);
			name = "[CP] Embed Pods Frameworks";
			outputPaths = (
				"${TARGET_BUILD_DIR}/${FRAMEWORKS_FOLDER_PATH}/Realm.framework",
				"${TARGET_BUILD_DIR}/${FRAMEWORKS_FOLDER_PATH}/RealmSwift.framework",
			);
			runOnlyForDeploymentPostprocessing = 0;
			shellPath = /bin/sh;
			shellScript = "\"${SRCROOT}/Pods/Target Support Files/Pods-bother/Pods-bother-frameworks.sh\"\n";
			showEnvVarsInLog = 0;
		};
/* End PBXShellScriptBuildPhase section */

/* Begin PBXSourcesBuildPhase section */
		C965C2A32184F34C0077FEA3 /* Sources */ = {
			isa = PBXSourcesBuildPhase;
			buildActionMask = 2147483647;
			files = (
				C97E305221941E20003F7785 /* Item.swift in Sources */,
				C97E30502190EB17003F7785 /* CategoryViewController.swift in Sources */,
				C965C2AD2184F34C0077FEA3 /* TodoListViewController.swift in Sources */,
				C965C2AB2184F34C0077FEA3 /* AppDelegate.swift in Sources */,
				C97E305421941E3A003F7785 /* Category.swift in Sources */,
			);
			runOnlyForDeploymentPostprocessing = 0;
		};
/* End PBXSourcesBuildPhase section */

/* Begin PBXVariantGroup section */
		C965C2AE2184F34C0077FEA3 /* Main.storyboard */ = {
			isa = PBXVariantGroup;
			children = (
				C965C2AF2184F34C0077FEA3 /* Base */,
			);
			name = Main.storyboard;
			sourceTree = "<group>";
		};
		C965C2B32184F34D0077FEA3 /* LaunchScreen.storyboard */ = {
			isa = PBXVariantGroup;
			children = (
				C965C2B42184F34D0077FEA3 /* Base */,
			);
			name = LaunchScreen.storyboard;
			sourceTree = "<group>";
		};
/* End PBXVariantGroup section */

/* Begin XCBuildConfiguration section */
		C965C2B72184F34D0077FEA3 /* Debug */ = {
			isa = XCBuildConfiguration;
			buildSettings = {
				ALWAYS_SEARCH_USER_PATHS = NO;
				CLANG_ANALYZER_NONNULL = YES;
				CLANG_ANALYZER_NUMBER_OBJECT_CONVERSION = YES_AGGRESSIVE;
				CLANG_CXX_LANGUAGE_STANDARD = "gnu++14";
				CLANG_CXX_LIBRARY = "libc++";
				CLANG_ENABLE_MODULES = YES;
				CLANG_ENABLE_OBJC_ARC = YES;
				CLANG_ENABLE_OBJC_WEAK = YES;
				CLANG_WARN_BLOCK_CAPTURE_AUTORELEASING = YES;
				CLANG_WARN_BOOL_CONVERSION = YES;
				CLANG_WARN_COMMA = YES;
				CLANG_WARN_CONSTANT_CONVERSION = YES;
				CLANG_WARN_DEPRECATED_OBJC_IMPLEMENTATIONS = YES;
				CLANG_WARN_DIRECT_OBJC_ISA_USAGE = YES_ERROR;
				CLANG_WARN_DOCUMENTATION_COMMENTS = YES;
				CLANG_WARN_EMPTY_BODY = YES;
				CLANG_WARN_ENUM_CONVERSION = YES;
				CLANG_WARN_INFINITE_RECURSION = YES;
				CLANG_WARN_INT_CONVERSION = YES;
				CLANG_WARN_NON_LITERAL_NULL_CONVERSION = YES;
				CLANG_WARN_OBJC_IMPLICIT_RETAIN_SELF = YES;
				CLANG_WARN_OBJC_LITERAL_CONVERSION = YES;
				CLANG_WARN_OBJC_ROOT_CLASS = YES_ERROR;
				CLANG_WARN_RANGE_LOOP_ANALYSIS = YES;
				CLANG_WARN_STRICT_PROTOTYPES = YES;
				CLANG_WARN_SUSPICIOUS_MOVE = YES;
				CLANG_WARN_UNGUARDED_AVAILABILITY = YES_AGGRESSIVE;
				CLANG_WARN_UNREACHABLE_CODE = YES;
				CLANG_WARN__DUPLICATE_METHOD_MATCH = YES;
				CODE_SIGN_IDENTITY = "iPhone Developer";
				COPY_PHASE_STRIP = NO;
				DEBUG_INFORMATION_FORMAT = dwarf;
				ENABLE_STRICT_OBJC_MSGSEND = YES;
				ENABLE_TESTABILITY = YES;
				GCC_C_LANGUAGE_STANDARD = gnu11;
				GCC_DYNAMIC_NO_PIC = NO;
				GCC_NO_COMMON_BLOCKS = YES;
				GCC_OPTIMIZATION_LEVEL = 0;
				GCC_PREPROCESSOR_DEFINITIONS = (
					"DEBUG=1",
					"$(inherited)",
				);
				GCC_WARN_64_TO_32_BIT_CONVERSION = YES;
				GCC_WARN_ABOUT_RETURN_TYPE = YES_ERROR;
				GCC_WARN_UNDECLARED_SELECTOR = YES;
				GCC_WARN_UNINITIALIZED_AUTOS = YES_AGGRESSIVE;
				GCC_WARN_UNUSED_FUNCTION = YES;
				GCC_WARN_UNUSED_VARIABLE = YES;
				IPHONEOS_DEPLOYMENT_TARGET = 12.0;
				MTL_ENABLE_DEBUG_INFO = INCLUDE_SOURCE;
				MTL_FAST_MATH = YES;
				ONLY_ACTIVE_ARCH = YES;
				SDKROOT = iphoneos;
				SWIFT_ACTIVE_COMPILATION_CONDITIONS = DEBUG;
				SWIFT_OPTIMIZATION_LEVEL = "-Onone";
			};
			name = Debug;
		};
		C965C2B82184F34D0077FEA3 /* Release */ = {
			isa = XCBuildConfiguration;
			buildSettings = {
				ALWAYS_SEARCH_USER_PATHS = NO;
				CLANG_ANALYZER_NONNULL = YES;
				CLANG_ANALYZER_NUMBER_OBJECT_CONVERSION = YES_AGGRESSIVE;
				CLANG_CXX_LANGUAGE_STANDARD = "gnu++14";
				CLANG_CXX_LIBRARY = "libc++";
				CLANG_ENABLE_MODULES = YES;
				CLANG_ENABLE_OBJC_ARC = YES;
				CLANG_ENABLE_OBJC_WEAK = YES;
				CLANG_WARN_BLOCK_CAPTURE_AUTORELEASING = YES;
				CLANG_WARN_BOOL_CONVERSION = YES;
				CLANG_WARN_COMMA = YES;
				CLANG_WARN_CONSTANT_CONVERSION = YES;
				CLANG_WARN_DEPRECATED_OBJC_IMPLEMENTATIONS = YES;
				CLANG_WARN_DIRECT_OBJC_ISA_USAGE = YES_ERROR;
				CLANG_WARN_DOCUMENTATION_COMMENTS = YES;
				CLANG_WARN_EMPTY_BODY = YES;
				CLANG_WARN_ENUM_CONVERSION = YES;
				CLANG_WARN_INFINITE_RECURSION = YES;
				CLANG_WARN_INT_CONVERSION = YES;
				CLANG_WARN_NON_LITERAL_NULL_CONVERSION = YES;
				CLANG_WARN_OBJC_IMPLICIT_RETAIN_SELF = YES;
				CLANG_WARN_OBJC_LITERAL_CONVERSION = YES;
				CLANG_WARN_OBJC_ROOT_CLASS = YES_ERROR;
				CLANG_WARN_RANGE_LOOP_ANALYSIS = YES;
				CLANG_WARN_STRICT_PROTOTYPES = YES;
				CLANG_WARN_SUSPICIOUS_MOVE = YES;
				CLANG_WARN_UNGUARDED_AVAILABILITY = YES_AGGRESSIVE;
				CLANG_WARN_UNREACHABLE_CODE = YES;
				CLANG_WARN__DUPLICATE_METHOD_MATCH = YES;
				CODE_SIGN_IDENTITY = "iPhone Developer";
				COPY_PHASE_STRIP = NO;
				DEBUG_INFORMATION_FORMAT = "dwarf-with-dsym";
				ENABLE_NS_ASSERTIONS = NO;
				ENABLE_STRICT_OBJC_MSGSEND = YES;
				GCC_C_LANGUAGE_STANDARD = gnu11;
				GCC_NO_COMMON_BLOCKS = YES;
				GCC_WARN_64_TO_32_BIT_CONVERSION = YES;
				GCC_WARN_ABOUT_RETURN_TYPE = YES_ERROR;
				GCC_WARN_UNDECLARED_SELECTOR = YES;
				GCC_WARN_UNINITIALIZED_AUTOS = YES_AGGRESSIVE;
				GCC_WARN_UNUSED_FUNCTION = YES;
				GCC_WARN_UNUSED_VARIABLE = YES;
				IPHONEOS_DEPLOYMENT_TARGET = 12.0;
				MTL_ENABLE_DEBUG_INFO = NO;
				MTL_FAST_MATH = YES;
				SDKROOT = iphoneos;
				SWIFT_COMPILATION_MODE = wholemodule;
				SWIFT_OPTIMIZATION_LEVEL = "-O";
				VALIDATE_PRODUCT = YES;
			};
			name = Release;
		};
		C965C2BA2184F34D0077FEA3 /* Debug */ = {
			isa = XCBuildConfiguration;
			baseConfigurationReference = 93017F08497E5F298BBB81A2 /* Pods-bother.debug.xcconfig */;
			buildSettings = {
				ASSETCATALOG_COMPILER_APPICON_NAME = AppIcon;
				CODE_SIGN_STYLE = Automatic;
				DEVELOPMENT_TEAM = A2CHK38FTF;
				INFOPLIST_FILE = bother/Info.plist;
				LD_RUNPATH_SEARCH_PATHS = (
					"$(inherited)",
					"@executable_path/Frameworks",
				);
				PRODUCT_BUNDLE_IDENTIFIER = com.bambalon.bother;
				PRODUCT_NAME = "$(TARGET_NAME)";
				SWIFT_VERSION = 4.2;
				TARGETED_DEVICE_FAMILY = "1,2";
			};
			name = Debug;
		};
		C965C2BB2184F34D0077FEA3 /* Release */ = {
			isa = XCBuildConfiguration;
			baseConfigurationReference = 9C81C37AF8C192E60043722D /* Pods-bother.release.xcconfig */;
			buildSettings = {
				ASSETCATALOG_COMPILER_APPICON_NAME = AppIcon;
				CODE_SIGN_STYLE = Automatic;
				DEVELOPMENT_TEAM = A2CHK38FTF;
				INFOPLIST_FILE = bother/Info.plist;
				LD_RUNPATH_SEARCH_PATHS = (
					"$(inherited)",
					"@executable_path/Frameworks",
				);
				PRODUCT_BUNDLE_IDENTIFIER = com.bambalon.bother;
				PRODUCT_NAME = "$(TARGET_NAME)";
				SWIFT_VERSION = 4.2;
				TARGETED_DEVICE_FAMILY = "1,2";
			};
			name = Release;
		};
/* End XCBuildConfiguration section */

/* Begin XCConfigurationList section */
		C965C2A22184F34C0077FEA3 /* Build configuration list for PBXProject "bother" */ = {
			isa = XCConfigurationList;
			buildConfigurations = (
				C965C2B72184F34D0077FEA3 /* Debug */,
				C965C2B82184F34D0077FEA3 /* Release */,
			);
			defaultConfigurationIsVisible = 0;
			defaultConfigurationName = Release;
		};
		C965C2B92184F34D0077FEA3 /* Build configuration list for PBXNativeTarget "bother" */ = {
			isa = XCConfigurationList;
			buildConfigurations = (
				C965C2BA2184F34D0077FEA3 /* Debug */,
				C965C2BB2184F34D0077FEA3 /* Release */,
			);
			defaultConfigurationIsVisible = 0;
			defaultConfigurationName = Release;
		};
/* End XCConfigurationList section */
	};
	rootObject = C965C29F2184F34C0077FEA3 /* Project object */;
}
